
Microsoft Visual Studio Solution File, Format Version 12.00
# Visual Studio Version 16
VisualStudioVersion = 16.0.32002.261
MinimumVisualStudioVersion = 10.0.40219.1
Project("{FAE04EC0-301F-11D3-BF4B-00C04F79EFBC}") = "M3", "M3\M3.csproj", "{2FA806B8-9EA0-441D-9BCA-BE5B87A249A7}"
EndProject
Project("{2150E333-8FDC-42A3-9474-1A3956D46DE8}") = "Solution Items", "Solution Items", "{9BC17E5E-BB2A-4085-8D04-20025F989F0D}"
	ProjectSection(SolutionItems) = preProject
		db_creation_full.sql = db_creation_full.sql
	EndProjectSection
EndProject
Global
	GlobalSection(SolutionConfigurationPlatforms) = preSolution
		Debug|Any CPU = Debug|Any CPU
		Release|Any CPU = Release|Any CPU
	EndGlobalSection
	GlobalSection(ProjectConfigurationPlatforms) = postSolution
		{2FA806B8-9EA0-441D-9BCA-BE5B87A249A7}.Debug|Any CPU.ActiveCfg = Debug|Any CPU
		{2FA806B8-9EA0-441D-9BCA-BE5B87A249A7}.Debug|Any CPU.Build.0 = Debug|Any CPU
		{2FA806B8-9EA0-441D-9BCA-BE5B87A249A7}.Release|Any CPU.ActiveCfg = Release|Any CPU
		{2FA806B8-9EA0-441D-9BCA-BE5B87A249A7}.Release|Any CPU.Build.0 = Release|Any CPU
	EndGlobalSection
	GlobalSection(SolutionProperties) = preSolution
		HideSolutionNode = FALSE
	EndGlobalSection
	GlobalSection(ExtensibilityGlobals) = postSolution
		SolutionGuid = {4A04348C-C5AC-40BF-A9D5-795B91D70BD3}
	EndGlobalSection
EndGlobal
